{
    "_readme": [
        "This file locks the dependencies of your project to a known state",
        "Read more about it at https://getcomposer.org/doc/01-basic-usage.md#composer-lock-the-lock-file",
        "This file is @generated automatically"
    ],
    "content-hash": "3b768c2ef8a18cc17a259ba13ba4725b",
    "packages": [
        {
            "name": "composer/installers",
            "version": "v1.3.0",
            "source": {
                "type": "git",
                "url": "https://github.com/composer/installers.git",
                "reference": "79ad876c7498c0bbfe7eed065b8651c93bfd6045"
            },
            "dist": {
                "type": "zip",
                "url": "https://api.github.com/repos/composer/installers/zipball/79ad876c7498c0bbfe7eed065b8651c93bfd6045",
                "reference": "79ad876c7498c0bbfe7eed065b8651c93bfd6045",
                "shasum": ""
            },
            "require": {
                "composer-plugin-api": "^1.0"
            },
            "replace": {
                "roundcube/plugin-installer": "*",
                "shama/baton": "*"
            },
            "require-dev": {
                "composer/composer": "1.0.*@dev",
                "phpunit/phpunit": "4.1.*"
            },
            "type": "composer-plugin",
            "extra": {
                "class": "Composer\\Installers\\Plugin",
                "branch-alias": {
                    "dev-master": "1.0-dev"
                }
            },
            "autoload": {
                "psr-4": {
                    "Composer\\Installers\\": "src/Composer/Installers"
                }
            },
            "notification-url": "https://packagist.org/downloads/",
            "license": [
                "MIT"
            ],
            "authors": [
                {
                    "name": "Kyle Robinson Young",
                    "email": "kyle@dontkry.com",
                    "homepage": "https://github.com/shama"
                }
            ],
            "description": "A multi-framework Composer library installer",
            "homepage": "https://composer.github.io/installers/",
            "keywords": [
                "Craft",
                "Dolibarr",
                "Eliasis",
                "Hurad",
                "ImageCMS",
                "Kanboard",
                "MODX Evo",
                "Mautic",
                "Maya",
                "OXID",
                "Plentymarkets",
                "Porto",
                "RadPHP",
                "SMF",
                "Thelia",
                "WolfCMS",
                "agl",
                "aimeos",
                "annotatecms",
                "attogram",
                "bitrix",
                "cakephp",
                "chef",
                "cockpit",
                "codeigniter",
                "concrete5",
                "croogo",
                "dokuwiki",
                "drupal",
                "elgg",
                "expressionengine",
                "fuelphp",
                "grav",
                "installer",
                "itop",
                "joomla",
                "kohana",
                "laravel",
                "lavalite",
                "lithium",
                "magento",
                "mako",
                "mediawiki",
                "modulework",
                "moodle",
                "phpbb",
                "piwik",
                "ppi",
                "puppet",
                "reindex",
                "roundcube",
                "shopware",
                "silverstripe",
                "sydes",
                "symfony",
                "typo3",
                "wordpress",
                "yawik",
                "zend",
                "zikula"
            ],
            "time": "2017-04-24T06:37:16+00:00"
        },
        {
            "name": "danmarsden/moodle-mod_attendance",
            "version": "dev-MOODLE_32_STABLE",
            "source": {
                "type": "git",
                "url": "https://github.com/danmarsden/moodle-mod_attendance.git",
                "reference": "9bf96ab3bceafaf5db3a30a1945aa47c9576a427"
            },
            "dist": {
                "type": "zip",
                "url": "https://api.github.com/repos/danmarsden/moodle-mod_attendance/zipball/9bf96ab3bceafaf5db3a30a1945aa47c9576a427",
                "reference": "9bf96ab3bceafaf5db3a30a1945aa47c9576a427",
                "shasum": ""
            },
            "require": {
                "composer/installers": "~1.0"
            },
            "type": "moodle-mod",
            "extra": {
                "installer-name": "attendance"
            },
            "support": {
                "source": "https://github.com/danmarsden/moodle-mod_attendance/tree/MOODLE_32_STABLE",
                "issues": "https://github.com/danmarsden/moodle-mod_attendance/issues"
            },
            "time": "2017-04-13 01:05:43"
        },
        {
            "name": "michaelmeneses/moodle-local_tematica",
            "version": "dev-master",
            "source": {
                "type": "git",
                "url": "https://github.com/michaelmeneses/moodle-local_tematica.git",
                "reference": "02b24837ff7d3ae950147e4466e3764a08062576"
            },
            "dist": {
                "type": "zip",
                "url": "https://api.github.com/repos/michaelmeneses/moodle-local_tematica/zipball/02b24837ff7d3ae950147e4466e3764a08062576",
                "reference": "02b24837ff7d3ae950147e4466e3764a08062576",
                "shasum": ""
            },
            "require": {
                "composer/installers": "~1.0"
            },
            "type": "moodle-local",
            "extra": {
                "installer-name": "tematica"
            },
            "support": {
                "source": "https://github.com/michaelmeneses/moodle-local_tematica/tree/master",
                "issues": "https://github.com/michaelmeneses/moodle-local_tematica/issues"
            },
            "time": "2017-04-06 13:51:51"
        },
        {
            "name": "moodle/moodle",
            "version": "dev-MOODLE_32_STABLE",
            "source": {
                "type": "git",
                "url": "https://github.com/moodle/moodle.git",
                "reference": "cfe4df185cc61d861db52a29f78b25850ba0d89f"
            },
            "dist": {
                "type": "zip",
                "url": "https://api.github.com/repos/moodle/moodle/zipball/cfe4df185cc61d861db52a29f78b25850ba0d89f",
                "reference": "cfe4df185cc61d861db52a29f78b25850ba0d89f",
                "shasum": ""
            },
            "require-dev": {
                "moodlehq/behat-extension": "3.32.5",
                "phpunit/dbunit": "1.4.*",
                "phpunit/phpunit": "5.5.*"
            },
            "type": "project",
            "license": [
                "GPL-3.0"
            ],
            "description": "Moodle - the world's open source learning platform",
            "homepage": "https://moodle.org",
            "support": {
                "source": "https://github.com/moodle/moodle/tree/MOODLE_32_STABLE"
            },
            "time": "2017-04-26 06:49:13"
        }
    ],
    "packages-dev": [],
    "aliases": [],
    "minimum-stability": "stable",
    "stability-flags": {
        "moodle/moodle": 20,
        "danmarsden/moodle-mod_attendance": 20,
        "michaelmeneses/moodle-local_tematica": 20
    },
    "prefer-stable": false,
    "prefer-lowest": false,
    "platform": [],
    "platform-dev": []
}
